
Microsoft Visual Studio Solution File, Format Version 10.00
# Visual Studio 2008
Project("{8BC9CEB8-8B4A-11D0-8D11-00A0C91BC942}") = "Gimpel3D", "Gimpel3D.vcproj", "{E96E2468-7B96-49B9-8216-7745C81950FD}"
EndProject
Global
	GlobalSection(SolutionConfigurationPlatforms) = preSolution
		Debug|Win32 = Debug|Win32
		Release|Win32 = Release|Win32
	EndGlobalSection
	GlobalSection(ProjectConfigurationPlatforms) = postSolution
		{E96E2468-7B96-49B9-8216-7745C81950FD}.Debug|Win32.ActiveCfg = Debug|Win32
		{E96E2468-7B96-49B9-8216-7745C81950FD}.Debug|Win32.Build.0 = Debug|Win32
		{E96E2468-7B96-49B9-8216-7745C81950FD}.Release|Win32.ActiveCfg = Release|Win32
		{E96E2468-7B96-49B9-8216-7745C81950FD}.Release|Win32.Build.0 = Release|Win32
	EndGlobalSection
	GlobalSection(SolutionProperties) = preSolution
		HideSolutionNode = FALSE
	EndGlobalSection
EndGlobal
